
Microsoft Visual Studio Solution File, Format Version 12.00
# Visual Studio 15
VisualStudioVersion = 15.0.27130.2003
MinimumVisualStudioVersion = 10.0.40219.1
Project("{FAE04EC0-301F-11D3-BF4B-00C04F79EFBC}") = "CarryCapacityFix", "CarryCapacityFix.csproj", "{EE7DC0DB-8475-4113-B82B-7C4FD073FAED}"
EndProject
Global
	GlobalSection(SolutionConfigurationPlatforms) = preSolution
		Debug|Any CPU = Debug|Any CPU
		Release|Any CPU = Release|Any CPU
	EndGlobalSection
	GlobalSection(ProjectConfigurationPlatforms) = postSolution
		{EE7DC0DB-8475-4113-B82B-7C4FD073FAED}.Debug|Any CPU.ActiveCfg = Debug|Any CPU
		{EE7DC0DB-8475-4113-B82B-7C4FD073FAED}.Debug|Any CPU.Build.0 = Debug|Any CPU
		{EE7DC0DB-8475-4113-B82B-7C4FD073FAED}.Release|Any CPU.ActiveCfg = Release|Any CPU
		{EE7DC0DB-8475-4113-B82B-7C4FD073FAED}.Release|Any CPU.Build.0 = Release|Any CPU
	EndGlobalSection
	GlobalSection(SolutionProperties) = preSolution
		HideSolutionNode = FALSE
	EndGlobalSection
	GlobalSection(ExtensibilityGlobals) = postSolution
		SolutionGuid = {4A0FDF80-1B16-4941-914B-417AE266029A}
	EndGlobalSection
EndGlobal
